<?xml version="1.0" encoding="utf-8"?>
<Project ToolsVersion="4.0" xmlns="http://schemas.microsoft.com/developer/msbuild/2003">
  <ItemGroup>
    <Filter Include="Source Files">
      <UniqueIdentifier>{4FC737F1-C7A5-4376-A066-2A32D752A2FF}</UniqueIdentifier>
      <Extensions>cpp;c;cc;cxx;def;odl;idl;hpj;bat;asm;asmx</Extensions>
    </Filter>
    <Filter Include="Header Files">
      <UniqueIdentifier>{93995380-89BD-4b04-88EB-625FBE52EBFB}</UniqueIdentifier>
      <Extensions>h;hh;hpp;hxx;hm;inl;inc;ipp;xsd</Extensions>
    </Filter>
    <Filter Include="Resource Files">
      <UniqueIdentifier>{67DA6AB6-F800-4c08-8B7A-83BB121AAD01}</UniqueIdentifier>
      <Extensions>rc;ico;cur;bmp;dlg;rc2;rct;bin;rgs;gif;jpg;jpeg;jpe;resx;tiff;tif;png;wav;mfcribbon-ms</Extensions>
    </Filter>
  </ItemGroup>
  <ItemGroup>
    <ClCompile Include="RPG.cpp">
      <Filter>Source Files</Filter>
    </ClCompile>
    <ClCompile Include="Gra.cpp">
      <Filter>Source Files</Filter>
    </ClCompile>
    <ClCompile Include="Postac.cpp">
      <Filter>Source Files</Filter>
    </ClCompile>
    <ClCompile Include="Gracz.cpp">
      <Filter>Source Files</Filter>
    </ClCompile>
    <ClCompile Include="Przeciwnik.cpp">
      <Filter>Source Files</Filter>
    </ClCompile>
    <ClCompile Include="Lokalizacja.cpp">
      <Filter>Source Files</Filter>
    </ClCompile>
    <ClCompile Include="Pancerz.cpp">
      <Filter>Source Files</Filter>
    </ClCompile>
    <ClCompile Include="Bron.cpp">
      <Filter>Source Files</Filter>
    </ClCompile>
    <ClCompile Include="Przedmiot.cpp">
      <Filter>Source Files</Filter>
    </ClCompile>
    <ClCompile Include="Szkielet.cpp">
      <Filter>Source Files</Filter>
    </ClCompile>
    <ClCompile Include="Amulet.cpp">
      <Filter>Source Files</Filter>
    </ClCompile>
    <ClCompile Include="Ekwipunek.cpp">
      <Filter>Source Files</Filter>
    </ClCompile>
    <ClCompile Include="Zbrojny.cpp">
      <Filter>Source Files</Filter>
    </ClCompile>
    <ClCompile Include="Wladca.cpp">
      <Filter>Source Files</Filter>
    </ClCompile>
    <ClCompile Include="Wilk.cpp">
      <Filter>Source Files</Filter>
    </ClCompile>
    <ClCompile Include="Bandyta.cpp">
      <Filter>Source Files</Filter>
    </ClCompile>
    <ClCompile Include="Kostka.cpp">
      <Filter>Source Files</Filter>
    </ClCompile>
    <ClCompile Include="Stan.cpp">
      <Filter>Source Files</Filter>
    </ClCompile>
    <ClCompile Include="Dodatki.cpp">
      <Filter>Source Files</Filter>
    </ClCompile>
    <ClCompile Include="Menu.cpp">
      <Filter>Source Files</Filter>
    </ClCompile>
  </ItemGroup>
  <ItemGroup>
    <ClInclude Include="Gra.h">
      <Filter>Header Files</Filter>
    </ClInclude>
    <ClInclude Include="Postac.h">
      <Filter>Header Files</Filter>
    </ClInclude>
    <ClInclude Include="Gracz.h">
      <Filter>Header Files</Filter>
    </ClInclude>
    <ClInclude Include="Przeciwnik.h">
      <Filter>Header Files</Filter>
    </ClInclude>
    <ClInclude Include="Lokalizacja.h">
      <Filter>Header Files</Filter>
    </ClInclude>
    <ClInclude Include="Pancerz.h">
      <Filter>Header Files</Filter>
    </ClInclude>
    <ClInclude Include="Bron.h">
      <Filter>Header Files</Filter>
    </ClInclude>
    <ClInclude Include="Przedmiot.h">
      <Filter>Header Files</Filter>
    </ClInclude>
    <ClInclude Include="Szkielet.h">
      <Filter>Header Files</Filter>
    </ClInclude>
    <ClInclude Include="Amulet.h">
      <Filter>Header Files</Filter>
    </ClInclude>
    <ClInclude Include="Ekwipunek.h">
      <Filter>Header Files</Filter>
    </ClInclude>
    <ClInclude Include="Zbrojny.h">
      <Filter>Header Files</Filter>
    </ClInclude>
    <ClInclude Include="Wladca.h">
      <Filter>Header Files</Filter>
    </ClInclude>
    <ClInclude Include="Wilk.h">
      <Filter>Header Files</Filter>
    </ClInclude>
    <ClInclude Include="Bandyta.h">
      <Filter>Header Files</Filter>
    </ClInclude>
    <ClInclude Include="Kostka.h">
      <Filter>Header Files</Filter>
    </ClInclude>
    <ClInclude Include="Stan.h">
      <Filter>Header Files</Filter>
    </ClInclude>
    <ClInclude Include="Dodatki.h">
      <Filter>Header Files</Filter>
    </ClInclude>
    <ClInclude Include="Menu.h">
      <Filter>Header Files</Filter>
    </ClInclude>
  </ItemGroup>
</Project>